// !$*UTF8*$!
{
	archiveVersion = 1;
	classes = {
	};
	objectVersion = 50;
	objects = {

/* Begin PBXBuildFile section */
		8718FF8024D9D6220000AAA2 /* ImageLoader.swift in Sources */ = {isa = PBXBuildFile; fileRef = 8718FF7F24D9D6220000AAA2 /* ImageLoader.swift */; };
		874AA2AC248D2D7A00AAE28A /* AppDelegate.swift in Sources */ = {isa = PBXBuildFile; fileRef = 874AA2AB248D2D7A00AAE28A /* AppDelegate.swift */; };
		874AA2AE248D2D7A00AAE28A /* SceneDelegate.swift in Sources */ = {isa = PBXBuildFile; fileRef = 874AA2AD248D2D7A00AAE28A /* SceneDelegate.swift */; };
		874AA2B0248D2D7A00AAE28A /* ContentView.swift in Sources */ = {isa = PBXBuildFile; fileRef = 874AA2AF248D2D7A00AAE28A /* ContentView.swift */; };
		874AA2B2248D2D7B00AAE28A /* Assets.xcassets in Resources */ = {isa = PBXBuildFile; fileRef = 874AA2B1248D2D7B00AAE28A /* Assets.xcassets */; };
		874AA2B5248D2D7B00AAE28A /* Preview Assets.xcassets in Resources */ = {isa = PBXBuildFile; fileRef = 874AA2B4248D2D7B00AAE28A /* Preview Assets.xcassets */; };
		874AA2B8248D2D7B00AAE28A /* LaunchScreen.storyboard in Resources */ = {isa = PBXBuildFile; fileRef = 874AA2B6248D2D7B00AAE28A /* LaunchScreen.storyboard */; };
		876AD862249691E300FFE2F9 /* ListView.swift in Sources */ = {isa = PBXBuildFile; fileRef = 876AD861249691E300FFE2F9 /* ListView.swift */; };
		87932598248FFEE9000FBDA6 /* GithubRequest.swift in Sources */ = {isa = PBXBuildFile; fileRef = 87932597248FFEE9000FBDA6 /* GithubRequest.swift */; };
		87CE6F3824D89A34001056C7 /* GithubViewModel.swift in Sources */ = {isa = PBXBuildFile; fileRef = 87CE6F3724D89A34001056C7 /* GithubViewModel.swift */; };
/* End PBXBuildFile section */

/* Begin PBXFileReference section */
		8718FF7F24D9D6220000AAA2 /* ImageLoader.swift */ = {isa = PBXFileReference; lastKnownFileType = sourcecode.swift; path = ImageLoader.swift; sourceTree = "<group>"; };
		874AA2A8248D2D7A00AAE28A /* Github.app */ = {isa = PBXFileReference; explicitFileType = wrapper.application; includeInIndex = 0; path = Github.app; sourceTree = BUILT_PRODUCTS_DIR; };
		874AA2AB248D2D7A00AAE28A /* AppDelegate.swift */ = {isa = PBXFileReference; lastKnownFileType = sourcecode.swift; path = AppDelegate.swift; sourceTree = "<group>"; };
		874AA2AD248D2D7A00AAE28A /* SceneDelegate.swift */ = {isa = PBXFileReference; lastKnownFileType = sourcecode.swift; path = SceneDelegate.swift; sourceTree = "<group>"; };
		874AA2AF248D2D7A00AAE28A /* ContentView.swift */ = {isa = PBXFileReference; lastKnownFileType = sourcecode.swift; path = ContentView.swift; sourceTree = "<group>"; };
		874AA2B1248D2D7B00AAE28A /* Assets.xcassets */ = {isa = PBXFileReference; lastKnownFileType = folder.assetcatalog; path = Assets.xcassets; sourceTree = "<group>"; };
		874AA2B4248D2D7B00AAE28A /* Preview Assets.xcassets */ = {isa = PBXFileReference; lastKnownFileType = folder.assetcatalog; path = "Preview Assets.xcassets"; sourceTree = "<group>"; };
		874AA2B7248D2D7B00AAE28A /* Base */ = {isa = PBXFileReference; lastKnownFileType = file.storyboard; name = Base; path = Base.lproj/LaunchScreen.storyboard; sourceTree = "<group>"; };
		874AA2B9248D2D7B00AAE28A /* Info.plist */ = {isa = PBXFileReference; lastKnownFileType = text.plist.xml; path = Info.plist; sourceTree = "<group>"; };
		876AD861249691E300FFE2F9 /* ListView.swift */ = {isa = PBXFileReference; lastKnownFileType = sourcecode.swift; path = ListView.swift; sourceTree = "<group>"; };
		87932597248FFEE9000FBDA6 /* GithubRequest.swift */ = {isa = PBXFileReference; lastKnownFileType = sourcecode.swift; path = GithubRequest.swift; sourceTree = "<group>"; };
		87CE6F3724D89A34001056C7 /* GithubViewModel.swift */ = {isa = PBXFileReference; lastKnownFileType = sourcecode.swift; path = GithubViewModel.swift; sourceTree = "<group>"; };
/* End PBXFileReference section */

/* Begin PBXFrameworksBuildPhase section */
		874AA2A5248D2D7A00AAE28A /* Frameworks */ = {
			isa = PBXFrameworksBuildPhase;
			buildActionMask = 2147483647;
			files = (
			);
			runOnlyForDeploymentPostprocessing = 0;
		};
/* End PBXFrameworksBuildPhase section */

/* Begin PBXGroup section */
		874AA29F248D2D7A00AAE28A = {
			isa = PBXGroup;
			children = (
				874AA2AA248D2D7A00AAE28A /* Github */,
				874AA2A9248D2D7A00AAE28A /* Products */,
			);
			sourceTree = "<group>";
		};
		874AA2A9248D2D7A00AAE28A /* Products */ = {
			isa = PBXGroup;
			children = (
				874AA2A8248D2D7A00AAE28A /* Github.app */,
			);
			name = Products;
			sourceTree = "<group>";
		};
		874AA2AA248D2D7A00AAE28A /* Github */ = {
			isa = PBXGroup;
			children = (
				874AA2AB248D2D7A00AAE28A /* AppDelegate.swift */,
				874AA2AD248D2D7A00AAE28A /* SceneDelegate.swift */,
				874AA2AF248D2D7A00AAE28A /* ContentView.swift */,
				874AA2B1248D2D7B00AAE28A /* Assets.xcassets */,
				874AA2B6248D2D7B00AAE28A /* LaunchScreen.storyboard */,
				874AA2B9248D2D7B00AAE28A /* Info.plist */,
				874AA2B3248D2D7B00AAE28A /* Preview Content */,
				87932597248FFEE9000FBDA6 /* GithubRequest.swift */,
				876AD861249691E300FFE2F9 /* ListView.swift */,
				8718FF7F24D9D6220000AAA2 /* ImageLoader.swift */,
				87CE6F3724D89A34001056C7 /* GithubViewModel.swift */,
			);
			path = Github;
			sourceTree = "<group>";
		};
		874AA2B3248D2D7B00AAE28A /* Preview Content */ = {
			isa = PBXGroup;
			children = (
				874AA2B4248D2D7B00AAE28A /* Preview Assets.xcassets */,
			);
			path = "Preview Content";
			sourceTree = "<group>";
		};
/* End PBXGroup section */

/* Begin PBXNativeTarget section */
		874AA2A7248D2D7A00AAE28A /* Github */ = {
			isa = PBXNativeTarget;
			buildConfigurationList = 874AA2BC248D2D7B00AAE28A /* Build configuration list for PBXNativeTarget "Github" */;
			buildPhases = (
				874AA2A4248D2D7A00AAE28A /* Sources */,
				874AA2A5248D2D7A00AAE28A /* Frameworks */,
				874AA2A6248D2D7A00AAE28A /* Resources */,
			);
			buildRules = (
			);
			dependencies = (
			);
			name = Github;
			productName = Github;
			productReference = 874AA2A8248D2D7A00AAE28A /* Github.app */;
			productType = "com.apple.product-type.application";
		};
/* End PBXNativeTarget section */

/* Begin PBXProject section */
		874AA2A0248D2D7A00AAE28A /* Project object */ = {
			isa = PBXProject;
			attributes = {
				LastSwiftUpdateCheck = 1140;
				LastUpgradeCheck = 1140;
				ORGANIZATIONNAME = diego.rios;
				TargetAttributes = {
					874AA2A7248D2D7A00AAE28A = {
						CreatedOnToolsVersion = 11.4;
					};
				};
			};
			buildConfigurationList = 874AA2A3248D2D7A00AAE28A /* Build configuration list for PBXProject "Github" */;
			compatibilityVersion = "Xcode 9.3";
			developmentRegion = en;
			hasScannedForEncodings = 0;
			knownRegions = (
				en,
				Base,
			);
			mainGroup = 874AA29F248D2D7A00AAE28A;
			productRefGroup = 874AA2A9248D2D7A00AAE28A /* Products */;
			projectDirPath = "";
			projectRoot = "";
			targets = (
				874AA2A7248D2D7A00AAE28A /* Github */,
			);
		};
/* End PBXProject section */

/* Begin PBXResourcesBuildPhase section */
		874AA2A6248D2D7A00AAE28A /* Resources */ = {
			isa = PBXResourcesBuildPhase;
			buildActionMask = 2147483647;
			files = (
				874AA2B8248D2D7B00AAE28A /* LaunchScreen.storyboard in Resources */,
				874AA2B5248D2D7B00AAE28A /* Preview Assets.xcassets in Resources */,
				874AA2B2248D2D7B00AAE28A /* Assets.xcassets in Resources */,
			);
			runOnlyForDeploymentPostprocessing = 0;
		};
/* End PBXResourcesBuildPhase section */

/* Begin PBXSourcesBuildPhase section */
		874AA2A4248D2D7A00AAE28A /* Sources */ = {
			isa = PBXSourcesBuildPhase;
			buildActionMask = 2147483647;
			files = (
				8718FF8024D9D6220000AAA2 /* ImageLoader.swift in Sources */,
				874AA2AC248D2D7A00AAE28A /* AppDelegate.swift in Sources */,
				874AA2AE248D2D7A00AAE28A /* SceneDelegate.swift in Sources */,
				876AD862249691E300FFE2F9 /* ListView.swift in Sources */,
				87CE6F3824D89A34001056C7 /* GithubViewModel.swift in Sources */,
				87932598248FFEE9000FBDA6 /* GithubRequest.swift in Sources */,
				874AA2B0248D2D7A00AAE28A /* ContentView.swift in Sources */,
			);
			runOnlyForDeploymentPostprocessing = 0;
		};
/* End PBXSourcesBuildPhase section */

/* Begin PBXVariantGroup section */
		874AA2B6248D2D7B00AAE28A /* LaunchScreen.storyboard */ = {
			isa = PBXVariantGroup;
			children = (
				874AA2B7248D2D7B00AAE28A /* Base */,
			);
			name = LaunchScreen.storyboard;
			sourceTree = "<group>";
		};
/* End PBXVariantGroup section */

/* Begin XCBuildConfiguration section */
		874AA2BA248D2D7B00AAE28A /* Debug */ = {
			isa = XCBuildConfiguration;
			buildSettings = {
				ALWAYS_SEARCH_USER_PATHS = NO;
				CLANG_ANALYZER_NONNULL = YES;
				CLANG_ANALYZER_NUMBER_OBJECT_CONVERSION = YES_AGGRESSIVE;
				CLANG_CXX_LANGUAGE_STANDARD = "gnu++14";
				CLANG_CXX_LIBRARY = "libc++";
				CLANG_ENABLE_MODULES = YES;
				CLANG_ENABLE_OBJC_ARC = YES;
				CLANG_ENABLE_OBJC_WEAK = YES;
				CLANG_WARN_BLOCK_CAPTURE_AUTORELEASING = YES;
				CLANG_WARN_BOOL_CONVERSION = YES;
				CLANG_WARN_COMMA = YES;
				CLANG_WARN_CONSTANT_CONVERSION = YES;
				CLANG_WARN_DEPRECATED_OBJC_IMPLEMENTATIONS = YES;
				CLANG_WARN_DIRECT_OBJC_ISA_USAGE = YES_ERROR;
				CLANG_WARN_DOCUMENTATION_COMMENTS = YES;
				CLANG_WARN_EMPTY_BODY = YES;
				CLANG_WARN_ENUM_CONVERSION = YES;
				CLANG_WARN_INFINITE_RECURSION = YES;
				CLANG_WARN_INT_CONVERSION = YES;
				CLANG_WARN_NON_LITERAL_NULL_CONVERSION = YES;
				CLANG_WARN_OBJC_IMPLICIT_RETAIN_SELF = YES;
				CLANG_WARN_OBJC_LITERAL_CONVERSION = YES;
				CLANG_WARN_OBJC_ROOT_CLASS = YES_ERROR;
				CLANG_WARN_RANGE_LOOP_ANALYSIS = YES;
				CLANG_WARN_STRICT_PROTOTYPES = YES;
				CLANG_WARN_SUSPICIOUS_MOVE = YES;
				CLANG_WARN_UNGUARDED_AVAILABILITY = YES_AGGRESSIVE;
				CLANG_WARN_UNREACHABLE_CODE = YES;
				CLANG_WARN__DUPLICATE_METHOD_MATCH = YES;
				COPY_PHASE_STRIP = NO;
				DEBUG_INFORMATION_FORMAT = dwarf;
				ENABLE_STRICT_OBJC_MSGSEND = YES;
				ENABLE_TESTABILITY = YES;
				GCC_C_LANGUAGE_STANDARD = gnu11;
				GCC_DYNAMIC_NO_PIC = NO;
				GCC_NO_COMMON_BLOCKS = YES;
				GCC_OPTIMIZATION_LEVEL = 0;
				GCC_PREPROCESSOR_DEFINITIONS = (
					"DEBUG=1",
					"$(inherited)",
				);
				GCC_WARN_64_TO_32_BIT_CONVERSION = YES;
				GCC_WARN_ABOUT_RETURN_TYPE = YES_ERROR;
				GCC_WARN_UNDECLARED_SELECTOR = YES;
				GCC_WARN_UNINITIALIZED_AUTOS = YES_AGGRESSIVE;
				GCC_WARN_UNUSED_FUNCTION = YES;
				GCC_WARN_UNUSED_VARIABLE = YES;
				IPHONEOS_DEPLOYMENT_TARGET = 13.4;
				MTL_ENABLE_DEBUG_INFO = INCLUDE_SOURCE;
				MTL_FAST_MATH = YES;
				ONLY_ACTIVE_ARCH = YES;
				SDKROOT = iphoneos;
				SWIFT_ACTIVE_COMPILATION_CONDITIONS = DEBUG;
				SWIFT_OPTIMIZATION_LEVEL = "-Onone";
			};
			name = Debug;
		};
		874AA2BB248D2D7B00AAE28A /* Release */ = {
			isa = XCBuildConfiguration;
			buildSettings = {
				ALWAYS_SEARCH_USER_PATHS = NO;
				CLANG_ANALYZER_NONNULL = YES;
				CLANG_ANALYZER_NUMBER_OBJECT_CONVERSION = YES_AGGRESSIVE;
				CLANG_CXX_LANGUAGE_STANDARD = "gnu++14";
				CLANG_CXX_LIBRARY = "libc++";
				CLANG_ENABLE_MODULES = YES;
				CLANG_ENABLE_OBJC_ARC = YES;
				CLANG_ENABLE_OBJC_WEAK = YES;
				CLANG_WARN_BLOCK_CAPTURE_AUTORELEASING = YES;
				CLANG_WARN_BOOL_CONVERSION = YES;
				CLANG_WARN_COMMA = YES;
				CLANG_WARN_CONSTANT_CONVERSION = YES;
				CLANG_WARN_DEPRECATED_OBJC_IMPLEMENTATIONS = YES;
				CLANG_WARN_DIRECT_OBJC_ISA_USAGE = YES_ERROR;
				CLANG_WARN_DOCUMENTATION_COMMENTS = YES;
				CLANG_WARN_EMPTY_BODY = YES;
				CLANG_WARN_ENUM_CONVERSION = YES;
				CLANG_WARN_INFINITE_RECURSION = YES;
				CLANG_WARN_INT_CONVERSION = YES;
				CLANG_WARN_NON_LITERAL_NULL_CONVERSION = YES;
				CLANG_WARN_OBJC_IMPLICIT_RETAIN_SELF = YES;
				CLANG_WARN_OBJC_LITERAL_CONVERSION = YES;
				CLANG_WARN_OBJC_ROOT_CLASS = YES_ERROR;
				CLANG_WARN_RANGE_LOOP_ANALYSIS = YES;
				CLANG_WARN_STRICT_PROTOTYPES = YES;
				CLANG_WARN_SUSPICIOUS_MOVE = YES;
				CLANG_WARN_UNGUARDED_AVAILABILITY = YES_AGGRESSIVE;
				CLANG_WARN_UNREACHABLE_CODE = YES;
				CLANG_WARN__DUPLICATE_METHOD_MATCH = YES;
				COPY_PHASE_STRIP = NO;
				DEBUG_INFORMATION_FORMAT = "dwarf-with-dsym";
				ENABLE_NS_ASSERTIONS = NO;
				ENABLE_STRICT_OBJC_MSGSEND = YES;
				GCC_C_LANGUAGE_STANDARD = gnu11;
				GCC_NO_COMMON_BLOCKS = YES;
				GCC_WARN_64_TO_32_BIT_CONVERSION = YES;
				GCC_WARN_ABOUT_RETURN_TYPE = YES_ERROR;
				GCC_WARN_UNDECLARED_SELECTOR = YES;
				GCC_WARN_UNINITIALIZED_AUTOS = YES_AGGRESSIVE;
				GCC_WARN_UNUSED_FUNCTION = YES;
				GCC_WARN_UNUSED_VARIABLE = YES;
				IPHONEOS_DEPLOYMENT_TARGET = 13.4;
				MTL_ENABLE_DEBUG_INFO = NO;
				MTL_FAST_MATH = YES;
				SDKROOT = iphoneos;
				SWIFT_COMPILATION_MODE = wholemodule;
				SWIFT_OPTIMIZATION_LEVEL = "-O";
				VALIDATE_PRODUCT = YES;
			};
			name = Release;
		};
		874AA2BD248D2D7B00AAE28A /* Debug */ = {
			isa = XCBuildConfiguration;
			buildSettings = {
				ASSETCATALOG_COMPILER_APPICON_NAME = AppIcon;
				CODE_SIGN_STYLE = Automatic;
				DEVELOPMENT_ASSET_PATHS = "\"Github/Preview Content\"";
				ENABLE_PREVIEWS = YES;
				INFOPLIST_FILE = Github/Info.plist;
				LD_RUNPATH_SEARCH_PATHS = (
					"$(inherited)",
					"@executable_path/Frameworks",
				);
				PRODUCT_BUNDLE_IDENTIFIER = com.diego.Github;
				PRODUCT_NAME = "$(TARGET_NAME)";
				SWIFT_VERSION = 5.0;
				TARGETED_DEVICE_FAMILY = "1,2";
			};
			name = Debug;
		};
		874AA2BE248D2D7B00AAE28A /* Release */ = {
			isa = XCBuildConfiguration;
			buildSettings = {
				ASSETCATALOG_COMPILER_APPICON_NAME = AppIcon;
				CODE_SIGN_STYLE = Automatic;
				DEVELOPMENT_ASSET_PATHS = "\"Github/Preview Content\"";
				ENABLE_PREVIEWS = YES;
				INFOPLIST_FILE = Github/Info.plist;
				LD_RUNPATH_SEARCH_PATHS = (
					"$(inherited)",
					"@executable_path/Frameworks",
				);
				PRODUCT_BUNDLE_IDENTIFIER = com.diego.Github;
				PRODUCT_NAME = "$(TARGET_NAME)";
				SWIFT_VERSION = 5.0;
				TARGETED_DEVICE_FAMILY = "1,2";
			};
			name = Release;
		};
/* End XCBuildConfiguration section */

/* Begin XCConfigurationList section */
		874AA2A3248D2D7A00AAE28A /* Build configuration list for PBXProject "Github" */ = {
			isa = XCConfigurationList;
			buildConfigurations = (
				874AA2BA248D2D7B00AAE28A /* Debug */,
				874AA2BB248D2D7B00AAE28A /* Release */,
			);
			defaultConfigurationIsVisible = 0;
			defaultConfigurationName = Release;
		};
		874AA2BC248D2D7B00AAE28A /* Build configuration list for PBXNativeTarget "Github" */ = {
			isa = XCConfigurationList;
			buildConfigurations = (
				874AA2BD248D2D7B00AAE28A /* Debug */,
				874AA2BE248D2D7B00AAE28A /* Release */,
			);
			defaultConfigurationIsVisible = 0;
			defaultConfigurationName = Release;
		};
/* End XCConfigurationList section */
	};
	rootObject = 874AA2A0248D2D7A00AAE28A /* Project object */;
}
